
Microsoft Visual Studio Solution File, Format Version 12.00
# Visual Studio Version 17
VisualStudioVersion = 17.14.36518.9
MinimumVisualStudioVersion = 10.0.40219.1
Project("{FAE04EC0-301F-11D3-BF4B-00C04F79EFBC}") = "TechZoneProject", "TechZoneProject\TechZoneProject.csproj", "{7D2F09AB-5C95-44E8-B423-F7F49D4A5B83}"
EndProject
Project("{FAE04EC0-301F-11D3-BF4B-00C04F79EFBC}") = "TechZoneProject.Data", "TechZoneProject.Data\TechZoneProject.Data.csproj", "{55599B2F-921B-44DD-8EA2-BF869671579E}"
EndProject
Project("{FAE04EC0-301F-11D3-BF4B-00C04F79EFBC}") = "TechZoneProject.Data.Models", "TechZoneProject.Data.Models\TechZoneProject.Data.Models.csproj", "{0224224F-D50C-4449-9CF4-A1B03ED4742F}"
EndProject
Project("{FAE04EC0-301F-11D3-BF4B-00C04F79EFBC}") = "TechZone.Services.Data", "TechZone.Services.Data\TechZone.Services.Data.csproj", "{28D93F09-6FD8-4987-835F-2D2A46762C47}"
EndProject
Project("{FAE04EC0-301F-11D3-BF4B-00C04F79EFBC}") = "TechZone.Web.ViewModels", "TechZone.Web.ViewModels\TechZone.Web.ViewModels.csproj", "{83CF60D6-8965-474A-9608-C00D12CAE2E2}"
EndProject
Global
	GlobalSection(SolutionConfigurationPlatforms) = preSolution
		Debug|Any CPU = Debug|Any CPU
		Release|Any CPU = Release|Any CPU
	EndGlobalSection
	GlobalSection(ProjectConfigurationPlatforms) = postSolution
		{7D2F09AB-5C95-44E8-B423-F7F49D4A5B83}.Debug|Any CPU.ActiveCfg = Debug|Any CPU
		{7D2F09AB-5C95-44E8-B423-F7F49D4A5B83}.Debug|Any CPU.Build.0 = Debug|Any CPU
		{7D2F09AB-5C95-44E8-B423-F7F49D4A5B83}.Release|Any CPU.ActiveCfg = Release|Any CPU
		{7D2F09AB-5C95-44E8-B423-F7F49D4A5B83}.Release|Any CPU.Build.0 = Release|Any CPU
		{55599B2F-921B-44DD-8EA2-BF869671579E}.Debug|Any CPU.ActiveCfg = Debug|Any CPU
		{55599B2F-921B-44DD-8EA2-BF869671579E}.Debug|Any CPU.Build.0 = Debug|Any CPU
		{55599B2F-921B-44DD-8EA2-BF869671579E}.Release|Any CPU.ActiveCfg = Release|Any CPU
		{55599B2F-921B-44DD-8EA2-BF869671579E}.Release|Any CPU.Build.0 = Release|Any CPU
		{0224224F-D50C-4449-9CF4-A1B03ED4742F}.Debug|Any CPU.ActiveCfg = Debug|Any CPU
		{0224224F-D50C-4449-9CF4-A1B03ED4742F}.Debug|Any CPU.Build.0 = Debug|Any CPU
		{0224224F-D50C-4449-9CF4-A1B03ED4742F}.Release|Any CPU.ActiveCfg = Release|Any CPU
		{0224224F-D50C-4449-9CF4-A1B03ED4742F}.Release|Any CPU.Build.0 = Release|Any CPU
		{28D93F09-6FD8-4987-835F-2D2A46762C47}.Debug|Any CPU.ActiveCfg = Debug|Any CPU
		{28D93F09-6FD8-4987-835F-2D2A46762C47}.Debug|Any CPU.Build.0 = Debug|Any CPU
		{28D93F09-6FD8-4987-835F-2D2A46762C47}.Release|Any CPU.ActiveCfg = Release|Any CPU
		{28D93F09-6FD8-4987-835F-2D2A46762C47}.Release|Any CPU.Build.0 = Release|Any CPU
		{83CF60D6-8965-474A-9608-C00D12CAE2E2}.Debug|Any CPU.ActiveCfg = Debug|Any CPU
		{83CF60D6-8965-474A-9608-C00D12CAE2E2}.Debug|Any CPU.Build.0 = Debug|Any CPU
		{83CF60D6-8965-474A-9608-C00D12CAE2E2}.Release|Any CPU.ActiveCfg = Release|Any CPU
		{83CF60D6-8965-474A-9608-C00D12CAE2E2}.Release|Any CPU.Build.0 = Release|Any CPU
	EndGlobalSection
	GlobalSection(SolutionProperties) = preSolution
		HideSolutionNode = FALSE
	EndGlobalSection
	GlobalSection(ExtensibilityGlobals) = postSolution
		SolutionGuid = {6CBD3866-90D5-45F9-9595-2B7B310393B1}
	EndGlobalSection
EndGlobal
